
Microsoft Visual Studio Solution File, Format Version 12.00
# Visual Studio 2012
Project("{FAE04EC0-301F-11D3-BF4B-00C04F79EFBC}") = "ServiceHelper", "ServiceHelper\ServiceHelper.csproj", "{75608BDF-35CC-4C40-86A5-6CA372525BF3}"
EndProject
Global
	GlobalSection(SolutionConfigurationPlatforms) = preSolution
		Debug|Any CPU = Debug|Any CPU
		Release|Any CPU = Release|Any CPU
	EndGlobalSection
	GlobalSection(ProjectConfigurationPlatforms) = postSolution
		{75608BDF-35CC-4C40-86A5-6CA372525BF3}.Debug|Any CPU.ActiveCfg = Debug|Any CPU
		{75608BDF-35CC-4C40-86A5-6CA372525BF3}.Debug|Any CPU.Build.0 = Debug|Any CPU
		{75608BDF-35CC-4C40-86A5-6CA372525BF3}.Release|Any CPU.ActiveCfg = Release|Any CPU
		{75608BDF-35CC-4C40-86A5-6CA372525BF3}.Release|Any CPU.Build.0 = Release|Any CPU
	EndGlobalSection
EndGlobal
